// !$*UTF8*$!
{
	archiveVersion = 1;
	classes = {
	};
	objectVersion = 50;
	objects = {

/* Begin PBXBuildFile section */
		F48916B925012AF30046DB81 /* AppDelegate.swift in Sources */ = {isa = PBXBuildFile; fileRef = F48916B825012AF30046DB81 /* AppDelegate.swift */; };
		F48916BB25012AF30046DB81 /* SceneDelegate.swift in Sources */ = {isa = PBXBuildFile; fileRef = F48916BA25012AF30046DB81 /* SceneDelegate.swift */; };
		F48916C025012AF30046DB81 /* Main.storyboard in Resources */ = {isa = PBXBuildFile; fileRef = F48916BE25012AF30046DB81 /* Main.storyboard */; };
		F48916C325012AF30046DB81 /* MyResume.xcdatamodeld in Sources */ = {isa = PBXBuildFile; fileRef = F48916C125012AF30046DB81 /* MyResume.xcdatamodeld */; };
		F48916C525012AF90046DB81 /* Assets.xcassets in Resources */ = {isa = PBXBuildFile; fileRef = F48916C425012AF90046DB81 /* Assets.xcassets */; };
		F48916C825012AF90046DB81 /* LaunchScreen.storyboard in Resources */ = {isa = PBXBuildFile; fileRef = F48916C625012AF90046DB81 /* LaunchScreen.storyboard */; };
		F48916D025012BA10046DB81 /* Colors.xcassets in Resources */ = {isa = PBXBuildFile; fileRef = F48916CF25012BA10046DB81 /* Colors.xcassets */; };
		F48916D225017C3E0046DB81 /* LeftMessageView.xib in Resources */ = {isa = PBXBuildFile; fileRef = F48916D125017C3E0046DB81 /* LeftMessageView.xib */; };
		F48916D425018D490046DB81 /* RightMessageView.xib in Resources */ = {isa = PBXBuildFile; fileRef = F48916D325018D490046DB81 /* RightMessageView.xib */; };
		F48916D8250191B20046DB81 /* ProfileViewController.swift in Sources */ = {isa = PBXBuildFile; fileRef = F48916D7250191B20046DB81 /* ProfileViewController.swift */; };
		F48916DA2501993B0046DB81 /* LeftMessageViewCell.swift in Sources */ = {isa = PBXBuildFile; fileRef = F48916D92501993B0046DB81 /* LeftMessageViewCell.swift */; };
		F48916DC250199650046DB81 /* RightMessageViewCell.swift in Sources */ = {isa = PBXBuildFile; fileRef = F48916DB250199650046DB81 /* RightMessageViewCell.swift */; };
		F48916DE2501A19A0046DB81 /* Image.xcassets in Resources */ = {isa = PBXBuildFile; fileRef = F48916DD2501A19A0046DB81 /* Image.xcassets */; };
/* End PBXBuildFile section */

/* Begin PBXFileReference section */
		F48916B525012AF30046DB81 /* MyResume.app */ = {isa = PBXFileReference; explicitFileType = wrapper.application; includeInIndex = 0; path = MyResume.app; sourceTree = BUILT_PRODUCTS_DIR; };
		F48916B825012AF30046DB81 /* AppDelegate.swift */ = {isa = PBXFileReference; lastKnownFileType = sourcecode.swift; path = AppDelegate.swift; sourceTree = "<group>"; };
		F48916BA25012AF30046DB81 /* SceneDelegate.swift */ = {isa = PBXFileReference; lastKnownFileType = sourcecode.swift; path = SceneDelegate.swift; sourceTree = "<group>"; };
		F48916BF25012AF30046DB81 /* Base */ = {isa = PBXFileReference; lastKnownFileType = file.storyboard; name = Base; path = Base.lproj/Main.storyboard; sourceTree = "<group>"; };
		F48916C225012AF30046DB81 /* MyResume.xcdatamodel */ = {isa = PBXFileReference; lastKnownFileType = wrapper.xcdatamodel; path = MyResume.xcdatamodel; sourceTree = "<group>"; };
		F48916C425012AF90046DB81 /* Assets.xcassets */ = {isa = PBXFileReference; lastKnownFileType = folder.assetcatalog; path = Assets.xcassets; sourceTree = "<group>"; };
		F48916C725012AF90046DB81 /* Base */ = {isa = PBXFileReference; lastKnownFileType = file.storyboard; name = Base; path = Base.lproj/LaunchScreen.storyboard; sourceTree = "<group>"; };
		F48916C925012AF90046DB81 /* Info.plist */ = {isa = PBXFileReference; lastKnownFileType = text.plist.xml; path = Info.plist; sourceTree = "<group>"; };
		F48916CF25012BA10046DB81 /* Colors.xcassets */ = {isa = PBXFileReference; lastKnownFileType = folder.assetcatalog; path = Colors.xcassets; sourceTree = "<group>"; };
		F48916D125017C3E0046DB81 /* LeftMessageView.xib */ = {isa = PBXFileReference; lastKnownFileType = file.xib; path = LeftMessageView.xib; sourceTree = "<group>"; };
		F48916D325018D490046DB81 /* RightMessageView.xib */ = {isa = PBXFileReference; lastKnownFileType = file.xib; path = RightMessageView.xib; sourceTree = "<group>"; };
		F48916D7250191B20046DB81 /* ProfileViewController.swift */ = {isa = PBXFileReference; lastKnownFileType = sourcecode.swift; path = ProfileViewController.swift; sourceTree = "<group>"; };
		F48916D92501993B0046DB81 /* LeftMessageViewCell.swift */ = {isa = PBXFileReference; lastKnownFileType = sourcecode.swift; path = LeftMessageViewCell.swift; sourceTree = "<group>"; };
		F48916DB250199650046DB81 /* RightMessageViewCell.swift */ = {isa = PBXFileReference; lastKnownFileType = sourcecode.swift; path = RightMessageViewCell.swift; sourceTree = "<group>"; };
		F48916DD2501A19A0046DB81 /* Image.xcassets */ = {isa = PBXFileReference; lastKnownFileType = folder.assetcatalog; path = Image.xcassets; sourceTree = "<group>"; };
/* End PBXFileReference section */

/* Begin PBXFrameworksBuildPhase section */
		F48916B225012AF30046DB81 /* Frameworks */ = {
			isa = PBXFrameworksBuildPhase;
			buildActionMask = 2147483647;
			files = (
			);
			runOnlyForDeploymentPostprocessing = 0;
		};
/* End PBXFrameworksBuildPhase section */

/* Begin PBXGroup section */
		F48916AC25012AF30046DB81 = {
			isa = PBXGroup;
			children = (
				F48916B725012AF30046DB81 /* MyResume */,
				F48916B625012AF30046DB81 /* Products */,
			);
			sourceTree = "<group>";
		};
		F48916B625012AF30046DB81 /* Products */ = {
			isa = PBXGroup;
			children = (
				F48916B525012AF30046DB81 /* MyResume.app */,
			);
			name = Products;
			sourceTree = "<group>";
		};
		F48916B725012AF30046DB81 /* MyResume */ = {
			isa = PBXGroup;
			children = (
				F48916D7250191B20046DB81 /* ProfileViewController.swift */,
				F48916B825012AF30046DB81 /* AppDelegate.swift */,
				F48916BA25012AF30046DB81 /* SceneDelegate.swift */,
				F48916BE25012AF30046DB81 /* Main.storyboard */,
				F48916D125017C3E0046DB81 /* LeftMessageView.xib */,
				F48916D92501993B0046DB81 /* LeftMessageViewCell.swift */,
				F48916D325018D490046DB81 /* RightMessageView.xib */,
				F48916DB250199650046DB81 /* RightMessageViewCell.swift */,
				F48916CF25012BA10046DB81 /* Colors.xcassets */,
				F48916C425012AF90046DB81 /* Assets.xcassets */,
				F48916DF2501A3420046DB81 /* Ressources */,
				F48916C625012AF90046DB81 /* LaunchScreen.storyboard */,
				F48916C925012AF90046DB81 /* Info.plist */,
				F48916C125012AF30046DB81 /* MyResume.xcdatamodeld */,
			);
			path = MyResume;
			sourceTree = "<group>";
		};
		F48916DF2501A3420046DB81 /* Ressources */ = {
			isa = PBXGroup;
			children = (
				F48916DD2501A19A0046DB81 /* Image.xcassets */,
			);
			path = Ressources;
			sourceTree = "<group>";
		};
/* End PBXGroup section */

/* Begin PBXNativeTarget section */
		F48916B425012AF30046DB81 /* MyResume */ = {
			isa = PBXNativeTarget;
			buildConfigurationList = F48916CC25012AF90046DB81 /* Build configuration list for PBXNativeTarget "MyResume" */;
			buildPhases = (
				F48916B125012AF30046DB81 /* Sources */,
				F48916B225012AF30046DB81 /* Frameworks */,
				F48916B325012AF30046DB81 /* Resources */,
			);
			buildRules = (
			);
			dependencies = (
			);
			name = MyResume;
			productName = MyResume;
			productReference = F48916B525012AF30046DB81 /* MyResume.app */;
			productType = "com.apple.product-type.application";
		};
/* End PBXNativeTarget section */

/* Begin PBXProject section */
		F48916AD25012AF30046DB81 /* Project object */ = {
			isa = PBXProject;
			attributes = {
				LastSwiftUpdateCheck = 1150;
				LastUpgradeCheck = 1150;
				ORGANIZATIONNAME = AnissaBokhamy;
				TargetAttributes = {
					F48916B425012AF30046DB81 = {
						CreatedOnToolsVersion = 11.5;
					};
				};
			};
			buildConfigurationList = F48916B025012AF30046DB81 /* Build configuration list for PBXProject "MyResume" */;
			compatibilityVersion = "Xcode 9.3";
			developmentRegion = en;
			hasScannedForEncodings = 0;
			knownRegions = (
				en,
				Base,
			);
			mainGroup = F48916AC25012AF30046DB81;
			productRefGroup = F48916B625012AF30046DB81 /* Products */;
			projectDirPath = "";
			projectRoot = "";
			targets = (
				F48916B425012AF30046DB81 /* MyResume */,
			);
		};
/* End PBXProject section */

/* Begin PBXResourcesBuildPhase section */
		F48916B325012AF30046DB81 /* Resources */ = {
			isa = PBXResourcesBuildPhase;
			buildActionMask = 2147483647;
			files = (
				F48916D225017C3E0046DB81 /* LeftMessageView.xib in Resources */,
				F48916D425018D490046DB81 /* RightMessageView.xib in Resources */,
				F48916C825012AF90046DB81 /* LaunchScreen.storyboard in Resources */,
				F48916D025012BA10046DB81 /* Colors.xcassets in Resources */,
				F48916C525012AF90046DB81 /* Assets.xcassets in Resources */,
				F48916DE2501A19A0046DB81 /* Image.xcassets in Resources */,
				F48916C025012AF30046DB81 /* Main.storyboard in Resources */,
			);
			runOnlyForDeploymentPostprocessing = 0;
		};
/* End PBXResourcesBuildPhase section */

/* Begin PBXSourcesBuildPhase section */
		F48916B125012AF30046DB81 /* Sources */ = {
			isa = PBXSourcesBuildPhase;
			buildActionMask = 2147483647;
			files = (
				F48916C325012AF30046DB81 /* MyResume.xcdatamodeld in Sources */,
				F48916DC250199650046DB81 /* RightMessageViewCell.swift in Sources */,
				F48916D8250191B20046DB81 /* ProfileViewController.swift in Sources */,
				F48916B925012AF30046DB81 /* AppDelegate.swift in Sources */,
				F48916BB25012AF30046DB81 /* SceneDelegate.swift in Sources */,
				F48916DA2501993B0046DB81 /* LeftMessageViewCell.swift in Sources */,
			);
			runOnlyForDeploymentPostprocessing = 0;
		};
/* End PBXSourcesBuildPhase section */

/* Begin PBXVariantGroup section */
		F48916BE25012AF30046DB81 /* Main.storyboard */ = {
			isa = PBXVariantGroup;
			children = (
				F48916BF25012AF30046DB81 /* Base */,
			);
			name = Main.storyboard;
			sourceTree = "<group>";
		};
		F48916C625012AF90046DB81 /* LaunchScreen.storyboard */ = {
			isa = PBXVariantGroup;
			children = (
				F48916C725012AF90046DB81 /* Base */,
			);
			name = LaunchScreen.storyboard;
			sourceTree = "<group>";
		};
/* End PBXVariantGroup section */

/* Begin XCBuildConfiguration section */
		F48916CA25012AF90046DB81 /* Debug */ = {
			isa = XCBuildConfiguration;
			buildSettings = {
				ALWAYS_SEARCH_USER_PATHS = NO;
				CLANG_ANALYZER_NONNULL = YES;
				CLANG_ANALYZER_NUMBER_OBJECT_CONVERSION = YES_AGGRESSIVE;
				CLANG_CXX_LANGUAGE_STANDARD = "gnu++14";
				CLANG_CXX_LIBRARY = "libc++";
				CLANG_ENABLE_MODULES = YES;
				CLANG_ENABLE_OBJC_ARC = YES;
				CLANG_ENABLE_OBJC_WEAK = YES;
				CLANG_WARN_BLOCK_CAPTURE_AUTORELEASING = YES;
				CLANG_WARN_BOOL_CONVERSION = YES;
				CLANG_WARN_COMMA = YES;
				CLANG_WARN_CONSTANT_CONVERSION = YES;
				CLANG_WARN_DEPRECATED_OBJC_IMPLEMENTATIONS = YES;
				CLANG_WARN_DIRECT_OBJC_ISA_USAGE = YES_ERROR;
				CLANG_WARN_DOCUMENTATION_COMMENTS = YES;
				CLANG_WARN_EMPTY_BODY = YES;
				CLANG_WARN_ENUM_CONVERSION = YES;
				CLANG_WARN_INFINITE_RECURSION = YES;
				CLANG_WARN_INT_CONVERSION = YES;
				CLANG_WARN_NON_LITERAL_NULL_CONVERSION = YES;
				CLANG_WARN_OBJC_IMPLICIT_RETAIN_SELF = YES;
				CLANG_WARN_OBJC_LITERAL_CONVERSION = YES;
				CLANG_WARN_OBJC_ROOT_CLASS = YES_ERROR;
				CLANG_WARN_RANGE_LOOP_ANALYSIS = YES;
				CLANG_WARN_STRICT_PROTOTYPES = YES;
				CLANG_WARN_SUSPICIOUS_MOVE = YES;
				CLANG_WARN_UNGUARDED_AVAILABILITY = YES_AGGRESSIVE;
				CLANG_WARN_UNREACHABLE_CODE = YES;
				CLANG_WARN__DUPLICATE_METHOD_MATCH = YES;
				COPY_PHASE_STRIP = NO;
				DEBUG_INFORMATION_FORMAT = dwarf;
				ENABLE_STRICT_OBJC_MSGSEND = YES;
				ENABLE_TESTABILITY = YES;
				GCC_C_LANGUAGE_STANDARD = gnu11;
				GCC_DYNAMIC_NO_PIC = NO;
				GCC_NO_COMMON_BLOCKS = YES;
				GCC_OPTIMIZATION_LEVEL = 0;
				GCC_PREPROCESSOR_DEFINITIONS = (
					"DEBUG=1",
					"$(inherited)",
				);
				GCC_WARN_64_TO_32_BIT_CONVERSION = YES;
				GCC_WARN_ABOUT_RETURN_TYPE = YES_ERROR;
				GCC_WARN_UNDECLARED_SELECTOR = YES;
				GCC_WARN_UNINITIALIZED_AUTOS = YES_AGGRESSIVE;
				GCC_WARN_UNUSED_FUNCTION = YES;
				GCC_WARN_UNUSED_VARIABLE = YES;
				IPHONEOS_DEPLOYMENT_TARGET = 13.5;
				MTL_ENABLE_DEBUG_INFO = INCLUDE_SOURCE;
				MTL_FAST_MATH = YES;
				ONLY_ACTIVE_ARCH = YES;
				SDKROOT = iphoneos;
				SWIFT_ACTIVE_COMPILATION_CONDITIONS = DEBUG;
				SWIFT_OPTIMIZATION_LEVEL = "-Onone";
			};
			name = Debug;
		};
		F48916CB25012AF90046DB81 /* Release */ = {
			isa = XCBuildConfiguration;
			buildSettings = {
				ALWAYS_SEARCH_USER_PATHS = NO;
				CLANG_ANALYZER_NONNULL = YES;
				CLANG_ANALYZER_NUMBER_OBJECT_CONVERSION = YES_AGGRESSIVE;
				CLANG_CXX_LANGUAGE_STANDARD = "gnu++14";
				CLANG_CXX_LIBRARY = "libc++";
				CLANG_ENABLE_MODULES = YES;
				CLANG_ENABLE_OBJC_ARC = YES;
				CLANG_ENABLE_OBJC_WEAK = YES;
				CLANG_WARN_BLOCK_CAPTURE_AUTORELEASING = YES;
				CLANG_WARN_BOOL_CONVERSION = YES;
				CLANG_WARN_COMMA = YES;
				CLANG_WARN_CONSTANT_CONVERSION = YES;
				CLANG_WARN_DEPRECATED_OBJC_IMPLEMENTATIONS = YES;
				CLANG_WARN_DIRECT_OBJC_ISA_USAGE = YES_ERROR;
				CLANG_WARN_DOCUMENTATION_COMMENTS = YES;
				CLANG_WARN_EMPTY_BODY = YES;
				CLANG_WARN_ENUM_CONVERSION = YES;
				CLANG_WARN_INFINITE_RECURSION = YES;
				CLANG_WARN_INT_CONVERSION = YES;
				CLANG_WARN_NON_LITERAL_NULL_CONVERSION = YES;
				CLANG_WARN_OBJC_IMPLICIT_RETAIN_SELF = YES;
				CLANG_WARN_OBJC_LITERAL_CONVERSION = YES;
				CLANG_WARN_OBJC_ROOT_CLASS = YES_ERROR;
				CLANG_WARN_RANGE_LOOP_ANALYSIS = YES;
				CLANG_WARN_STRICT_PROTOTYPES = YES;
				CLANG_WARN_SUSPICIOUS_MOVE = YES;
				CLANG_WARN_UNGUARDED_AVAILABILITY = YES_AGGRESSIVE;
				CLANG_WARN_UNREACHABLE_CODE = YES;
				CLANG_WARN__DUPLICATE_METHOD_MATCH = YES;
				COPY_PHASE_STRIP = NO;
				DEBUG_INFORMATION_FORMAT = "dwarf-with-dsym";
				ENABLE_NS_ASSERTIONS = NO;
				ENABLE_STRICT_OBJC_MSGSEND = YES;
				GCC_C_LANGUAGE_STANDARD = gnu11;
				GCC_NO_COMMON_BLOCKS = YES;
				GCC_WARN_64_TO_32_BIT_CONVERSION = YES;
				GCC_WARN_ABOUT_RETURN_TYPE = YES_ERROR;
				GCC_WARN_UNDECLARED_SELECTOR = YES;
				GCC_WARN_UNINITIALIZED_AUTOS = YES_AGGRESSIVE;
				GCC_WARN_UNUSED_FUNCTION = YES;
				GCC_WARN_UNUSED_VARIABLE = YES;
				IPHONEOS_DEPLOYMENT_TARGET = 13.5;
				MTL_ENABLE_DEBUG_INFO = NO;
				MTL_FAST_MATH = YES;
				SDKROOT = iphoneos;
				SWIFT_COMPILATION_MODE = wholemodule;
				SWIFT_OPTIMIZATION_LEVEL = "-O";
				VALIDATE_PRODUCT = YES;
			};
			name = Release;
		};
		F48916CD25012AF90046DB81 /* Debug */ = {
			isa = XCBuildConfiguration;
			buildSettings = {
				ASSETCATALOG_COMPILER_APPICON_NAME = AppIcon;
				CODE_SIGN_STYLE = Automatic;
				DEVELOPMENT_TEAM = FU587N3Y9W;
				INFOPLIST_FILE = MyResume/Info.plist;
				LD_RUNPATH_SEARCH_PATHS = (
					"$(inherited)",
					"@executable_path/Frameworks",
				);
				PRODUCT_BUNDLE_IDENTIFIER = com.Anissa.MyResume;
				PRODUCT_NAME = "$(TARGET_NAME)";
				SWIFT_VERSION = 5.0;
				TARGETED_DEVICE_FAMILY = "1,2";
			};
			name = Debug;
		};
		F48916CE25012AF90046DB81 /* Release */ = {
			isa = XCBuildConfiguration;
			buildSettings = {
				ASSETCATALOG_COMPILER_APPICON_NAME = AppIcon;
				CODE_SIGN_STYLE = Automatic;
				DEVELOPMENT_TEAM = FU587N3Y9W;
				INFOPLIST_FILE = MyResume/Info.plist;
				LD_RUNPATH_SEARCH_PATHS = (
					"$(inherited)",
					"@executable_path/Frameworks",
				);
				PRODUCT_BUNDLE_IDENTIFIER = com.Anissa.MyResume;
				PRODUCT_NAME = "$(TARGET_NAME)";
				SWIFT_VERSION = 5.0;
				TARGETED_DEVICE_FAMILY = "1,2";
			};
			name = Release;
		};
/* End XCBuildConfiguration section */

/* Begin XCConfigurationList section */
		F48916B025012AF30046DB81 /* Build configuration list for PBXProject "MyResume" */ = {
			isa = XCConfigurationList;
			buildConfigurations = (
				F48916CA25012AF90046DB81 /* Debug */,
				F48916CB25012AF90046DB81 /* Release */,
			);
			defaultConfigurationIsVisible = 0;
			defaultConfigurationName = Release;
		};
		F48916CC25012AF90046DB81 /* Build configuration list for PBXNativeTarget "MyResume" */ = {
			isa = XCConfigurationList;
			buildConfigurations = (
				F48916CD25012AF90046DB81 /* Debug */,
				F48916CE25012AF90046DB81 /* Release */,
			);
			defaultConfigurationIsVisible = 0;
			defaultConfigurationName = Release;
		};
/* End XCConfigurationList section */

/* Begin XCVersionGroup section */
		F48916C125012AF30046DB81 /* MyResume.xcdatamodeld */ = {
			isa = XCVersionGroup;
			children = (
				F48916C225012AF30046DB81 /* MyResume.xcdatamodel */,
			);
			currentVersion = F48916C225012AF30046DB81 /* MyResume.xcdatamodel */;
			path = MyResume.xcdatamodeld;
			sourceTree = "<group>";
			versionGroupType = wrapper.xcdatamodel;
		};
/* End XCVersionGroup section */
	};
	rootObject = F48916AD25012AF30046DB81 /* Project object */;
}
